// !$*UTF8*$!
{
	archiveVersion = 1;
	classes = {
	};
	objectVersion = 46;
	objects = {

/* Begin PBXBuildFile section */
		AB72744A1D146E2F000C796A /* AppDelegate.swift in Sources */ = {isa = PBXBuildFile; fileRef = AB7274491D146E2F000C796A /* AppDelegate.swift */; };
		AB72744C1D146E30000C796A /* ViewController.swift in Sources */ = {isa = PBXBuildFile; fileRef = AB72744B1D146E2F000C796A /* ViewController.swift */; };
		AB72744F1D146E30000C796A /* Main.storyboard in Resources */ = {isa = PBXBuildFile; fileRef = AB72744D1D146E30000C796A /* Main.storyboard */; };
		AB7274511D146E30000C796A /* Assets.xcassets in Resources */ = {isa = PBXBuildFile; fileRef = AB7274501D146E30000C796A /* Assets.xcassets */; };
		AB7274541D146E30000C796A /* LaunchScreen.storyboard in Resources */ = {isa = PBXBuildFile; fileRef = AB7274521D146E30000C796A /* LaunchScreen.storyboard */; };
/* End PBXBuildFile section */

/* Begin PBXFileReference section */
		AB7274461D146E2F000C796A /* Super Cool.app */ = {isa = PBXFileReference; explicitFileType = wrapper.application; includeInIndex = 0; path = "Super Cool.app"; sourceTree = BUILT_PRODUCTS_DIR; };
		AB7274491D146E2F000C796A /* AppDelegate.swift */ = {isa = PBXFileReference; lastKnownFileType = sourcecode.swift; path = AppDelegate.swift; sourceTree = "<group>"; };
		AB72744B1D146E2F000C796A /* ViewController.swift */ = {isa = PBXFileReference; lastKnownFileType = sourcecode.swift; path = ViewController.swift; sourceTree = "<group>"; };
		AB72744E1D146E30000C796A /* Base */ = {isa = PBXFileReference; lastKnownFileType = file.storyboard; name = Base; path = Base.lproj/Main.storyboard; sourceTree = "<group>"; };
		AB7274501D146E30000C796A /* Assets.xcassets */ = {isa = PBXFileReference; lastKnownFileType = folder.assetcatalog; path = Assets.xcassets; sourceTree = "<group>"; };
		AB7274531D146E30000C796A /* Base */ = {isa = PBXFileReference; lastKnownFileType = file.storyboard; name = Base; path = Base.lproj/LaunchScreen.storyboard; sourceTree = "<group>"; };
		AB7274551D146E30000C796A /* Info.plist */ = {isa = PBXFileReference; lastKnownFileType = text.plist.xml; path = Info.plist; sourceTree = "<group>"; };
/* End PBXFileReference section */

/* Begin PBXFrameworksBuildPhase section */
		AB7274431D146E2F000C796A /* Frameworks */ = {
			isa = PBXFrameworksBuildPhase;
			buildActionMask = 2147483647;
			files = (
			);
			runOnlyForDeploymentPostprocessing = 0;
		};
/* End PBXFrameworksBuildPhase section */

/* Begin PBXGroup section */
		AB72743D1D146E2F000C796A = {
			isa = PBXGroup;
			children = (
				AB7274481D146E2F000C796A /* Super Cool */,
				AB7274471D146E2F000C796A /* Products */,
			);
			sourceTree = "<group>";
		};
		AB7274471D146E2F000C796A /* Products */ = {
			isa = PBXGroup;
			children = (
				AB7274461D146E2F000C796A /* Super Cool.app */,
			);
			name = Products;
			sourceTree = "<group>";
		};
		AB7274481D146E2F000C796A /* Super Cool */ = {
			isa = PBXGroup;
			children = (
				AB7274491D146E2F000C796A /* AppDelegate.swift */,
				AB72744B1D146E2F000C796A /* ViewController.swift */,
				AB72744D1D146E30000C796A /* Main.storyboard */,
				AB7274501D146E30000C796A /* Assets.xcassets */,
				AB7274521D146E30000C796A /* LaunchScreen.storyboard */,
				AB7274551D146E30000C796A /* Info.plist */,
			);
			path = "Super Cool";
			sourceTree = "<group>";
		};
/* End PBXGroup section */

/* Begin PBXNativeTarget section */
		AB7274451D146E2F000C796A /* Super Cool */ = {
			isa = PBXNativeTarget;
			buildConfigurationList = AB7274581D146E30000C796A /* Build configuration list for PBXNativeTarget "Super Cool" */;
			buildPhases = (
				AB7274421D146E2F000C796A /* Sources */,
				AB7274431D146E2F000C796A /* Frameworks */,
				AB7274441D146E2F000C796A /* Resources */,
			);
			buildRules = (
			);
			dependencies = (
			);
			name = "Super Cool";
			productName = "Super Cool";
			productReference = AB7274461D146E2F000C796A /* Super Cool.app */;
			productType = "com.apple.product-type.application";
		};
/* End PBXNativeTarget section */

/* Begin PBXProject section */
		AB72743E1D146E2F000C796A /* Project object */ = {
			isa = PBXProject;
			attributes = {
				LastSwiftUpdateCheck = 0720;
				LastUpgradeCheck = 0720;
				ORGANIZATIONNAME = skrewtape;
				TargetAttributes = {
					AB7274451D146E2F000C796A = {
						CreatedOnToolsVersion = 7.2.1;
					};
				};
			};
			buildConfigurationList = AB7274411D146E2F000C796A /* Build configuration list for PBXProject "Super Cool" */;
			compatibilityVersion = "Xcode 3.2";
			developmentRegion = English;
			hasScannedForEncodings = 0;
			knownRegions = (
				en,
				Base,
			);
			mainGroup = AB72743D1D146E2F000C796A;
			productRefGroup = AB7274471D146E2F000C796A /* Products */;
			projectDirPath = "";
			projectRoot = "";
			targets = (
				AB7274451D146E2F000C796A /* Super Cool */,
			);
		};
/* End PBXProject section */

/* Begin PBXResourcesBuildPhase section */
		AB7274441D146E2F000C796A /* Resources */ = {
			isa = PBXResourcesBuildPhase;
			buildActionMask = 2147483647;
			files = (
				AB7274541D146E30000C796A /* LaunchScreen.storyboard in Resources */,
				AB7274511D146E30000C796A /* Assets.xcassets in Resources */,
				AB72744F1D146E30000C796A /* Main.storyboard in Resources */,
			);
			runOnlyForDeploymentPostprocessing = 0;
		};
/* End PBXResourcesBuildPhase section */

/* Begin PBXSourcesBuildPhase section */
		AB7274421D146E2F000C796A /* Sources */ = {
			isa = PBXSourcesBuildPhase;
			buildActionMask = 2147483647;
			files = (
				AB72744C1D146E30000C796A /* ViewController.swift in Sources */,
				AB72744A1D146E2F000C796A /* AppDelegate.swift in Sources */,
			);
			runOnlyForDeploymentPostprocessing = 0;
		};
/* End PBXSourcesBuildPhase section */

/* Begin PBXVariantGroup section */
		AB72744D1D146E30000C796A /* Main.storyboard */ = {
			isa = PBXVariantGroup;
			children = (
				AB72744E1D146E30000C796A /* Base */,
			);
			name = Main.storyboard;
			sourceTree = "<group>";
		};
		AB7274521D146E30000C796A /* LaunchScreen.storyboard */ = {
			isa = PBXVariantGroup;
			children = (
				AB7274531D146E30000C796A /* Base */,
			);
			name = LaunchScreen.storyboard;
			sourceTree = "<group>";
		};
/* End PBXVariantGroup section */

/* Begin XCBuildConfiguration section */
		AB7274561D146E30000C796A /* Debug */ = {
			isa = XCBuildConfiguration;
			buildSettings = {
				ALWAYS_SEARCH_USER_PATHS = NO;
				CLANG_CXX_LANGUAGE_STANDARD = "gnu++0x";
				CLANG_CXX_LIBRARY = "libc++";
				CLANG_ENABLE_MODULES = YES;
				CLANG_ENABLE_OBJC_ARC = YES;
				CLANG_WARN_BOOL_CONVERSION = YES;
				CLANG_WARN_CONSTANT_CONVERSION = YES;
				CLANG_WARN_DIRECT_OBJC_ISA_USAGE = YES_ERROR;
				CLANG_WARN_EMPTY_BODY = YES;
				CLANG_WARN_ENUM_CONVERSION = YES;
				CLANG_WARN_INT_CONVERSION = YES;
				CLANG_WARN_OBJC_ROOT_CLASS = YES_ERROR;
				CLANG_WARN_UNREACHABLE_CODE = YES;
				CLANG_WARN__DUPLICATE_METHOD_MATCH = YES;
				"CODE_SIGN_IDENTITY[sdk=iphoneos*]" = "iPhone Developer";
				COPY_PHASE_STRIP = NO;
				DEBUG_INFORMATION_FORMAT = dwarf;
				ENABLE_STRICT_OBJC_MSGSEND = YES;
				ENABLE_TESTABILITY = YES;
				GCC_C_LANGUAGE_STANDARD = gnu99;
				GCC_DYNAMIC_NO_PIC = NO;
				GCC_NO_COMMON_BLOCKS = YES;
				GCC_OPTIMIZATION_LEVEL = 0;
				GCC_PREPROCESSOR_DEFINITIONS = (
					"DEBUG=1",
					"$(inherited)",
				);
				GCC_WARN_64_TO_32_BIT_CONVERSION = YES;
				GCC_WARN_ABOUT_RETURN_TYPE = YES_ERROR;
				GCC_WARN_UNDECLARED_SELECTOR = YES;
				GCC_WARN_UNINITIALIZED_AUTOS = YES_AGGRESSIVE;
				GCC_WARN_UNUSED_FUNCTION = YES;
				GCC_WARN_UNUSED_VARIABLE = YES;
				IPHONEOS_DEPLOYMENT_TARGET = 9.2;
				MTL_ENABLE_DEBUG_INFO = YES;
				ONLY_ACTIVE_ARCH = YES;
				SDKROOT = iphoneos;
				SWIFT_OPTIMIZATION_LEVEL = "-Onone";
			};
			name = Debug;
		};
		AB7274571D146E30000C796A /* Release */ = {
			isa = XCBuildConfiguration;
			buildSettings = {
				ALWAYS_SEARCH_USER_PATHS = NO;
				CLANG_CXX_LANGUAGE_STANDARD = "gnu++0x";
				CLANG_CXX_LIBRARY = "libc++";
				CLANG_ENABLE_MODULES = YES;
				CLANG_ENABLE_OBJC_ARC = YES;
				CLANG_WARN_BOOL_CONVERSION = YES;
				CLANG_WARN_CONSTANT_CONVERSION = YES;
				CLANG_WARN_DIRECT_OBJC_ISA_USAGE = YES_ERROR;
				CLANG_WARN_EMPTY_BODY = YES;
				CLANG_WARN_ENUM_CONVERSION = YES;
				CLANG_WARN_INT_CONVERSION = YES;
				CLANG_WARN_OBJC_ROOT_CLASS = YES_ERROR;
				CLANG_WARN_UNREACHABLE_CODE = YES;
				CLANG_WARN__DUPLICATE_METHOD_MATCH = YES;
				"CODE_SIGN_IDENTITY[sdk=iphoneos*]" = "iPhone Developer";
				COPY_PHASE_STRIP = NO;
				DEBUG_INFORMATION_FORMAT = "dwarf-with-dsym";
				ENABLE_NS_ASSERTIONS = NO;
				ENABLE_STRICT_OBJC_MSGSEND = YES;
				GCC_C_LANGUAGE_STANDARD = gnu99;
				GCC_NO_COMMON_BLOCKS = YES;
				GCC_WARN_64_TO_32_BIT_CONVERSION = YES;
				GCC_WARN_ABOUT_RETURN_TYPE = YES_ERROR;
				GCC_WARN_UNDECLARED_SELECTOR = YES;
				GCC_WARN_UNINITIALIZED_AUTOS = YES_AGGRESSIVE;
				GCC_WARN_UNUSED_FUNCTION = YES;
				GCC_WARN_UNUSED_VARIABLE = YES;
				IPHONEOS_DEPLOYMENT_TARGET = 9.2;
				MTL_ENABLE_DEBUG_INFO = NO;
				SDKROOT = iphoneos;
				VALIDATE_PRODUCT = YES;
			};
			name = Release;
		};
		AB7274591D146E30000C796A /* Debug */ = {
			isa = XCBuildConfiguration;
			buildSettings = {
				ASSETCATALOG_COMPILER_APPICON_NAME = AppIcon;
				INFOPLIST_FILE = "Super Cool/Info.plist";
				LD_RUNPATH_SEARCH_PATHS = "$(inherited) @executable_path/Frameworks";
				PRODUCT_BUNDLE_IDENTIFIER = "com.skrewtape.Super-Cool";
				PRODUCT_NAME = "$(TARGET_NAME)";
			};
			name = Debug;
		};
		AB72745A1D146E30000C796A /* Release */ = {
			isa = XCBuildConfiguration;
			buildSettings = {
				ASSETCATALOG_COMPILER_APPICON_NAME = AppIcon;
				INFOPLIST_FILE = "Super Cool/Info.plist";
				LD_RUNPATH_SEARCH_PATHS = "$(inherited) @executable_path/Frameworks";
				PRODUCT_BUNDLE_IDENTIFIER = "com.skrewtape.Super-Cool";
				PRODUCT_NAME = "$(TARGET_NAME)";
			};
			name = Release;
		};
/* End XCBuildConfiguration section */

/* Begin XCConfigurationList section */
		AB7274411D146E2F000C796A /* Build configuration list for PBXProject "Super Cool" */ = {
			isa = XCConfigurationList;
			buildConfigurations = (
				AB7274561D146E30000C796A /* Debug */,
				AB7274571D146E30000C796A /* Release */,
			);
			defaultConfigurationIsVisible = 0;
			defaultConfigurationName = Release;
		};
		AB7274581D146E30000C796A /* Build configuration list for PBXNativeTarget "Super Cool" */ = {
			isa = XCConfigurationList;
			buildConfigurations = (
				AB7274591D146E30000C796A /* Debug */,
				AB72745A1D146E30000C796A /* Release */,
			);
			defaultConfigurationIsVisible = 0;
		};
/* End XCConfigurationList section */
	};
	rootObject = AB72743E1D146E2F000C796A /* Project object */;
}
